
Microsoft Visual Studio Solution File, Format Version 12.00
# Visual Studio Version 17
VisualStudioVersion = 17.8.34330.188
MinimumVisualStudioVersion = 10.0.40219.1
Project("{FAE04EC0-301F-11D3-BF4B-00C04F79EFBC}") = "HandsOnConstructorsAndProperties", "HandsOnConstructorsAndProperties.csproj", "{B39E1D30-958D-4AE8-B76A-22A6B4A09AAE}"
EndProject
Global
	GlobalSection(SolutionConfigurationPlatforms) = preSolution
		Debug|Any CPU = Debug|Any CPU
		Release|Any CPU = Release|Any CPU
	EndGlobalSection
	GlobalSection(ProjectConfigurationPlatforms) = postSolution
		{B39E1D30-958D-4AE8-B76A-22A6B4A09AAE}.Debug|Any CPU.ActiveCfg = Debug|Any CPU
		{B39E1D30-958D-4AE8-B76A-22A6B4A09AAE}.Debug|Any CPU.Build.0 = Debug|Any CPU
		{B39E1D30-958D-4AE8-B76A-22A6B4A09AAE}.Release|Any CPU.ActiveCfg = Release|Any CPU
		{B39E1D30-958D-4AE8-B76A-22A6B4A09AAE}.Release|Any CPU.Build.0 = Release|Any CPU
	EndGlobalSection
	GlobalSection(SolutionProperties) = preSolution
		HideSolutionNode = FALSE
	EndGlobalSection
	GlobalSection(ExtensibilityGlobals) = postSolution
		SolutionGuid = {B4044D2E-B572-433C-B5B8-A5787AA4E65C}
	EndGlobalSection
EndGlobal
