
Microsoft Visual Studio Solution File, Format Version 12.00
# Visual Studio Version 17
VisualStudioVersion = 17.8.34330.188
MinimumVisualStudioVersion = 10.0.40219.1
Project("{FAE04EC0-301F-11D3-BF4B-00C04F79EFBC}") = "HandsOnClassesAndObjects", "HandsOnClassesAndObjects.csproj", "{3584D69D-F1D9-4A8F-8E0D-4FB4AD27E133}"
EndProject
Global
	GlobalSection(SolutionConfigurationPlatforms) = preSolution
		Debug|Any CPU = Debug|Any CPU
		Release|Any CPU = Release|Any CPU
	EndGlobalSection
	GlobalSection(ProjectConfigurationPlatforms) = postSolution
		{3584D69D-F1D9-4A8F-8E0D-4FB4AD27E133}.Debug|Any CPU.ActiveCfg = Debug|Any CPU
		{3584D69D-F1D9-4A8F-8E0D-4FB4AD27E133}.Debug|Any CPU.Build.0 = Debug|Any CPU
		{3584D69D-F1D9-4A8F-8E0D-4FB4AD27E133}.Release|Any CPU.ActiveCfg = Release|Any CPU
		{3584D69D-F1D9-4A8F-8E0D-4FB4AD27E133}.Release|Any CPU.Build.0 = Release|Any CPU
	EndGlobalSection
	GlobalSection(SolutionProperties) = preSolution
		HideSolutionNode = FALSE
	EndGlobalSection
	GlobalSection(ExtensibilityGlobals) = postSolution
		SolutionGuid = {08450B61-4045-40AC-9A10-A32E516AFBBB}
	EndGlobalSection
EndGlobal
