
Microsoft Visual Studio Solution File, Format Version 12.00
# Visual Studio Version 17
VisualStudioVersion = 17.8.34330.188
MinimumVisualStudioVersion = 10.0.40219.1
Project("{FAE04EC0-301F-11D3-BF4B-00C04F79EFBC}") = "HandsOnNonGenericCollections", "HandsOnNonGenericCollections.csproj", "{4B08C2C8-33DA-46D2-B02D-25FBBBADD5CE}"
EndProject
Global
	GlobalSection(SolutionConfigurationPlatforms) = preSolution
		Debug|Any CPU = Debug|Any CPU
		Release|Any CPU = Release|Any CPU
	EndGlobalSection
	GlobalSection(ProjectConfigurationPlatforms) = postSolution
		{4B08C2C8-33DA-46D2-B02D-25FBBBADD5CE}.Debug|Any CPU.ActiveCfg = Debug|Any CPU
		{4B08C2C8-33DA-46D2-B02D-25FBBBADD5CE}.Debug|Any CPU.Build.0 = Debug|Any CPU
		{4B08C2C8-33DA-46D2-B02D-25FBBBADD5CE}.Release|Any CPU.ActiveCfg = Release|Any CPU
		{4B08C2C8-33DA-46D2-B02D-25FBBBADD5CE}.Release|Any CPU.Build.0 = Release|Any CPU
	EndGlobalSection
	GlobalSection(SolutionProperties) = preSolution
		HideSolutionNode = FALSE
	EndGlobalSection
	GlobalSection(ExtensibilityGlobals) = postSolution
		SolutionGuid = {554A8FB9-1AE6-42D3-AFB5-7F2E0C98EF50}
	EndGlobalSection
EndGlobal
