
Microsoft Visual Studio Solution File, Format Version 12.00
# Visual Studio Version 17
VisualStudioVersion = 17.8.34330.188
MinimumVisualStudioVersion = 10.0.40219.1
Project("{FAE04EC0-301F-11D3-BF4B-00C04F79EFBC}") = "Day2Assignments", "Day2Assignments.csproj", "{743E0FF1-231B-4609-A366-F06F81F730C8}"
EndProject
Global
	GlobalSection(SolutionConfigurationPlatforms) = preSolution
		Debug|Any CPU = Debug|Any CPU
		Release|Any CPU = Release|Any CPU
	EndGlobalSection
	GlobalSection(ProjectConfigurationPlatforms) = postSolution
		{743E0FF1-231B-4609-A366-F06F81F730C8}.Debug|Any CPU.ActiveCfg = Debug|Any CPU
		{743E0FF1-231B-4609-A366-F06F81F730C8}.Debug|Any CPU.Build.0 = Debug|Any CPU
		{743E0FF1-231B-4609-A366-F06F81F730C8}.Release|Any CPU.ActiveCfg = Release|Any CPU
		{743E0FF1-231B-4609-A366-F06F81F730C8}.Release|Any CPU.Build.0 = Release|Any CPU
	EndGlobalSection
	GlobalSection(SolutionProperties) = preSolution
		HideSolutionNode = FALSE
	EndGlobalSection
	GlobalSection(ExtensibilityGlobals) = postSolution
		SolutionGuid = {44466340-19C2-49D9-A9A5-7108F0901A59}
	EndGlobalSection
EndGlobal
